
Microsoft Visual Studio Solution File, Format Version 12.00
# Visual Studio 15
VisualStudioVersion = 15.0.27703.2035
MinimumVisualStudioVersion = 10.0.40219.1
Project("{FAE04EC0-301F-11D3-BF4B-00C04F79EFBC}") = "deckofcards", "deckofcards\deckofcards.csproj", "{60EA2967-C89A-4972-8F77-E5F75AC266D5}"
EndProject
Global
	GlobalSection(SolutionConfigurationPlatforms) = preSolution
		Debug|Any CPU = Debug|Any CPU
		Release|Any CPU = Release|Any CPU
	EndGlobalSection
	GlobalSection(ProjectConfigurationPlatforms) = postSolution
		{60EA2967-C89A-4972-8F77-E5F75AC266D5}.Debug|Any CPU.ActiveCfg = Debug|Any CPU
		{60EA2967-C89A-4972-8F77-E5F75AC266D5}.Debug|Any CPU.Build.0 = Debug|Any CPU
		{60EA2967-C89A-4972-8F77-E5F75AC266D5}.Release|Any CPU.ActiveCfg = Release|Any CPU
		{60EA2967-C89A-4972-8F77-E5F75AC266D5}.Release|Any CPU.Build.0 = Release|Any CPU
	EndGlobalSection
	GlobalSection(SolutionProperties) = preSolution
		HideSolutionNode = FALSE
	EndGlobalSection
	GlobalSection(ExtensibilityGlobals) = postSolution
		SolutionGuid = {2DA6CE55-9229-47A0-9311-D8D2726D0BF9}
	EndGlobalSection
EndGlobal
